{
  "name": "mperezortiz.github.io",
  "lockfileVersion": 2,
  "requires": true,
  "packages": {
    "": {
      "dependencies": {
        "latex.css": "^1.6.0"
      }
    },
    "node_modules/latex.css": {
      "version": "1.6.0",
      "resolved": "https://registry.npmjs.org/latex.css/-/latex.css-1.6.0.tgz",
      "integrity": "sha512-7azoljUf1zrexFxAWLCqPwTTKucPswyl5mK9OgwZh9JxnGSlPA/00QVRdUMaUqYIV4KD7bWb1ca3YwqSPOceOg=="
    }
  },
  "dependencies": {
    "latex.css": {
      "version": "1.6.0",
      "resolved": "https://registry.npmjs.org/latex.css/-/latex.css-1.6.0.tgz",
      "integrity": "sha512-7azoljUf1zrexFxAWLCqPwTTKucPswyl5mK9OgwZh9JxnGSlPA/00QVRdUMaUqYIV4KD7bWb1ca3YwqSPOceOg=="
    }
  }
}
